// !$*UTF8*$!
{
	archiveVersion = 1;
	classes = {
	};
	objectVersion = 46;
	objects = {

/* Begin PBXBuildFile section */
		8855221D1EA2F8500040389D /* AppDelegate.swift in Sources */ = {isa = PBXBuildFile; fileRef = 8855221C1EA2F8500040389D /* AppDelegate.swift */; };
		8855221F1EA2F8500040389D /* ViewController.swift in Sources */ = {isa = PBXBuildFile; fileRef = 8855221E1EA2F8500040389D /* ViewController.swift */; };
		885522211EA2F8500040389D /* Assets.xcassets in Resources */ = {isa = PBXBuildFile; fileRef = 885522201EA2F8500040389D /* Assets.xcassets */; };
		885522241EA2F8500040389D /* Main.storyboard in Resources */ = {isa = PBXBuildFile; fileRef = 885522221EA2F8500040389D /* Main.storyboard */; };
		88A99AA41EA56E49007A1F9E /* JBCatView.storyboard in Resources */ = {isa = PBXBuildFile; fileRef = 88A99AA31EA56E49007A1F9E /* JBCatView.storyboard */; };
/* End PBXBuildFile section */

/* Begin PBXFileReference section */
		885522191EA2F8500040389D /* AquaSh0res.app */ = {isa = PBXFileReference; explicitFileType = wrapper.application; includeInIndex = 0; path = AquaSh0res.app; sourceTree = BUILT_PRODUCTS_DIR; };
		8855221C1EA2F8500040389D /* AppDelegate.swift */ = {isa = PBXFileReference; lastKnownFileType = sourcecode.swift; path = AppDelegate.swift; sourceTree = "<group>"; };
		8855221E1EA2F8500040389D /* ViewController.swift */ = {isa = PBXFileReference; lastKnownFileType = sourcecode.swift; path = ViewController.swift; sourceTree = "<group>"; };
		885522201EA2F8500040389D /* Assets.xcassets */ = {isa = PBXFileReference; lastKnownFileType = folder.assetcatalog; path = Assets.xcassets; sourceTree = "<group>"; };
		885522231EA2F8500040389D /* Base */ = {isa = PBXFileReference; lastKnownFileType = file.storyboard; name = Base; path = Base.lproj/Main.storyboard; sourceTree = "<group>"; };
		885522251EA2F8500040389D /* Info.plist */ = {isa = PBXFileReference; lastKnownFileType = text.plist.xml; path = Info.plist; sourceTree = "<group>"; };
		88A99AA31EA56E49007A1F9E /* JBCatView.storyboard */ = {isa = PBXFileReference; fileEncoding = 4; lastKnownFileType = file.storyboard; path = JBCatView.storyboard; sourceTree = "<group>"; };
/* End PBXFileReference section */

/* Begin PBXFrameworksBuildPhase section */
		885522161EA2F8500040389D /* Frameworks */ = {
			isa = PBXFrameworksBuildPhase;
			buildActionMask = 2147483647;
			files = (
			);
			runOnlyForDeploymentPostprocessing = 0;
		};
/* End PBXFrameworksBuildPhase section */

/* Begin PBXGroup section */
		885522101EA2F8500040389D = {
			isa = PBXGroup;
			children = (
				8855221B1EA2F8500040389D /* AquaSh0res */,
				8855221A1EA2F8500040389D /* Products */,
			);
			sourceTree = "<group>";
		};
		8855221A1EA2F8500040389D /* Products */ = {
			isa = PBXGroup;
			children = (
				885522191EA2F8500040389D /* AquaSh0res.app */,
			);
			name = Products;
			sourceTree = "<group>";
		};
		8855221B1EA2F8500040389D /* AquaSh0res */ = {
			isa = PBXGroup;
			children = (
				8855221C1EA2F8500040389D /* AppDelegate.swift */,
				8855221E1EA2F8500040389D /* ViewController.swift */,
				885522201EA2F8500040389D /* Assets.xcassets */,
				885522221EA2F8500040389D /* Main.storyboard */,
				88A99AA31EA56E49007A1F9E /* JBCatView.storyboard */,
				885522251EA2F8500040389D /* Info.plist */,
			);
			path = AquaSh0res;
			sourceTree = "<group>";
		};
/* End PBXGroup section */

/* Begin PBXNativeTarget section */
		885522181EA2F8500040389D /* AquaSh0res */ = {
			isa = PBXNativeTarget;
			buildConfigurationList = 885522281EA2F8500040389D /* Build configuration list for PBXNativeTarget "AquaSh0res" */;
			buildPhases = (
				885522151EA2F8500040389D /* Sources */,
				885522161EA2F8500040389D /* Frameworks */,
				885522171EA2F8500040389D /* Resources */,
			);
			buildRules = (
			);
			dependencies = (
			);
			name = AquaSh0res;
			productName = AquaSh0res;
			productReference = 885522191EA2F8500040389D /* AquaSh0res.app */;
			productType = "com.apple.product-type.application";
		};
/* End PBXNativeTarget section */

/* Begin PBXProject section */
		885522111EA2F8500040389D /* Project object */ = {
			isa = PBXProject;
			attributes = {
				LastSwiftUpdateCheck = 0830;
				LastUpgradeCheck = 0830;
				ORGANIZATIONNAME = "r/jailbreak Devs";
				TargetAttributes = {
					885522181EA2F8500040389D = {
						CreatedOnToolsVersion = 8.3.1;
						DevelopmentTeam = 4938UV9458;
						ProvisioningStyle = Automatic;
					};
				};
			};
			buildConfigurationList = 885522141EA2F8500040389D /* Build configuration list for PBXProject "AquaSh0res" */;
			compatibilityVersion = "Xcode 3.2";
			developmentRegion = English;
			hasScannedForEncodings = 0;
			knownRegions = (
				en,
				Base,
			);
			mainGroup = 885522101EA2F8500040389D;
			productRefGroup = 8855221A1EA2F8500040389D /* Products */;
			projectDirPath = "";
			projectRoot = "";
			targets = (
				885522181EA2F8500040389D /* AquaSh0res */,
			);
		};
/* End PBXProject section */

/* Begin PBXResourcesBuildPhase section */
		885522171EA2F8500040389D /* Resources */ = {
			isa = PBXResourcesBuildPhase;
			buildActionMask = 2147483647;
			files = (
				885522211EA2F8500040389D /* Assets.xcassets in Resources */,
				88A99AA41EA56E49007A1F9E /* JBCatView.storyboard in Resources */,
				885522241EA2F8500040389D /* Main.storyboard in Resources */,
			);
			runOnlyForDeploymentPostprocessing = 0;
		};
/* End PBXResourcesBuildPhase section */

/* Begin PBXSourcesBuildPhase section */
		885522151EA2F8500040389D /* Sources */ = {
			isa = PBXSourcesBuildPhase;
			buildActionMask = 2147483647;
			files = (
				8855221F1EA2F8500040389D /* ViewController.swift in Sources */,
				8855221D1EA2F8500040389D /* AppDelegate.swift in Sources */,
			);
			runOnlyForDeploymentPostprocessing = 0;
		};
/* End PBXSourcesBuildPhase section */

/* Begin PBXVariantGroup section */
		885522221EA2F8500040389D /* Main.storyboard */ = {
			isa = PBXVariantGroup;
			children = (
				885522231EA2F8500040389D /* Base */,
			);
			name = Main.storyboard;
			sourceTree = "<group>";
		};
/* End PBXVariantGroup section */

/* Begin XCBuildConfiguration section */
		885522261EA2F8500040389D /* Debug */ = {
			isa = XCBuildConfiguration;
			buildSettings = {
				ALWAYS_SEARCH_USER_PATHS = NO;
				CLANG_ANALYZER_NONNULL = YES;
				CLANG_ANALYZER_NUMBER_OBJECT_CONVERSION = YES_AGGRESSIVE;
				CLANG_CXX_LANGUAGE_STANDARD = "gnu++0x";
				CLANG_CXX_LIBRARY = "libc++";
				CLANG_ENABLE_MODULES = YES;
				CLANG_ENABLE_OBJC_ARC = YES;
				CLANG_WARN_BOOL_CONVERSION = YES;
				CLANG_WARN_CONSTANT_CONVERSION = YES;
				CLANG_WARN_DIRECT_OBJC_ISA_USAGE = YES_ERROR;
				CLANG_WARN_DOCUMENTATION_COMMENTS = YES;
				CLANG_WARN_EMPTY_BODY = YES;
				CLANG_WARN_ENUM_CONVERSION = YES;
				CLANG_WARN_INFINITE_RECURSION = YES;
				CLANG_WARN_INT_CONVERSION = YES;
				CLANG_WARN_OBJC_ROOT_CLASS = YES_ERROR;
				CLANG_WARN_SUSPICIOUS_MOVE = YES;
				CLANG_WARN_UNREACHABLE_CODE = YES;
				CLANG_WARN__DUPLICATE_METHOD_MATCH = YES;
				CODE_SIGN_IDENTITY = "-";
				COPY_PHASE_STRIP = NO;
				DEBUG_INFORMATION_FORMAT = dwarf;
				ENABLE_STRICT_OBJC_MSGSEND = YES;
				ENABLE_TESTABILITY = YES;
				GCC_C_LANGUAGE_STANDARD = gnu99;
				GCC_DYNAMIC_NO_PIC = NO;
				GCC_NO_COMMON_BLOCKS = YES;
				GCC_OPTIMIZATION_LEVEL = 0;
				GCC_PREPROCESSOR_DEFINITIONS = (
					"DEBUG=1",
					"$(inherited)",
				);
				GCC_WARN_64_TO_32_BIT_CONVERSION = YES;
				GCC_WARN_ABOUT_RETURN_TYPE = YES_ERROR;
				GCC_WARN_UNDECLARED_SELECTOR = YES;
				GCC_WARN_UNINITIALIZED_AUTOS = YES_AGGRESSIVE;
				GCC_WARN_UNUSED_FUNCTION = YES;
				GCC_WARN_UNUSED_VARIABLE = YES;
				MACOSX_DEPLOYMENT_TARGET = 10.12;
				MTL_ENABLE_DEBUG_INFO = YES;
				ONLY_ACTIVE_ARCH = YES;
				SDKROOT = macosx;
				SWIFT_ACTIVE_COMPILATION_CONDITIONS = DEBUG;
				SWIFT_OPTIMIZATION_LEVEL = "-Onone";
			};
			name = Debug;
		};
		885522271EA2F8500040389D /* Release */ = {
			isa = XCBuildConfiguration;
			buildSettings = {
				ALWAYS_SEARCH_USER_PATHS = NO;
				CLANG_ANALYZER_NONNULL = YES;
				CLANG_ANALYZER_NUMBER_OBJECT_CONVERSION = YES_AGGRESSIVE;
				CLANG_CXX_LANGUAGE_STANDARD = "gnu++0x";
				CLANG_CXX_LIBRARY = "libc++";
				CLANG_ENABLE_MODULES = YES;
				CLANG_ENABLE_OBJC_ARC = YES;
				CLANG_WARN_BOOL_CONVERSION = YES;
				CLANG_WARN_CONSTANT_CONVERSION = YES;
				CLANG_WARN_DIRECT_OBJC_ISA_USAGE = YES_ERROR;
				CLANG_WARN_DOCUMENTATION_COMMENTS = YES;
				CLANG_WARN_EMPTY_BODY = YES;
				CLANG_WARN_ENUM_CONVERSION = YES;
				CLANG_WARN_INFINITE_RECURSION = YES;
				CLANG_WARN_INT_CONVERSION = YES;
				CLANG_WARN_OBJC_ROOT_CLASS = YES_ERROR;
				CLANG_WARN_SUSPICIOUS_MOVE = YES;
				CLANG_WARN_UNREACHABLE_CODE = YES;
				CLANG_WARN__DUPLICATE_METHOD_MATCH = YES;
				CODE_SIGN_IDENTITY = "-";
				COPY_PHASE_STRIP = NO;
				DEBUG_INFORMATION_FORMAT = "dwarf-with-dsym";
				ENABLE_NS_ASSERTIONS = NO;
				ENABLE_STRICT_OBJC_MSGSEND = YES;
				GCC_C_LANGUAGE_STANDARD = gnu99;
				GCC_NO_COMMON_BLOCKS = YES;
				GCC_WARN_64_TO_32_BIT_CONVERSION = YES;
				GCC_WARN_ABOUT_RETURN_TYPE = YES_ERROR;
				GCC_WARN_UNDECLARED_SELECTOR = YES;
				GCC_WARN_UNINITIALIZED_AUTOS = YES_AGGRESSIVE;
				GCC_WARN_UNUSED_FUNCTION = YES;
				GCC_WARN_UNUSED_VARIABLE = YES;
				MACOSX_DEPLOYMENT_TARGET = 10.12;
				MTL_ENABLE_DEBUG_INFO = NO;
				SDKROOT = macosx;
				SWIFT_OPTIMIZATION_LEVEL = "-Owholemodule";
			};
			name = Release;
		};
		885522291EA2F8500040389D /* Debug */ = {
			isa = XCBuildConfiguration;
			buildSettings = {
				ASSETCATALOG_COMPILER_APPICON_NAME = AppIcon;
				CODE_SIGN_IDENTITY = "Mac Developer";
				COMBINE_HIDPI_IMAGES = YES;
				DEVELOPMENT_TEAM = 4938UV9458;
				INFOPLIST_FILE = AquaSh0res/Info.plist;
				LD_RUNPATH_SEARCH_PATHS = "$(inherited) @executable_path/../Frameworks";
				MACOSX_DEPLOYMENT_TARGET = 10.12;
				PRODUCT_BUNDLE_IDENTIFIER = io.github.rjailbreakdevs.AquaSh0res;
				PRODUCT_NAME = "$(TARGET_NAME)";
				PROVISIONING_PROFILE_SPECIFIER = "";
				SWIFT_VERSION = 3.0;
			};
			name = Debug;
		};
		8855222A1EA2F8500040389D /* Release */ = {
			isa = XCBuildConfiguration;
			buildSettings = {
				ASSETCATALOG_COMPILER_APPICON_NAME = AppIcon;
				CODE_SIGN_IDENTITY = "Mac Developer";
				COMBINE_HIDPI_IMAGES = YES;
				DEVELOPMENT_TEAM = 4938UV9458;
				INFOPLIST_FILE = AquaSh0res/Info.plist;
				LD_RUNPATH_SEARCH_PATHS = "$(inherited) @executable_path/../Frameworks";
				MACOSX_DEPLOYMENT_TARGET = 10.12;
				PRODUCT_BUNDLE_IDENTIFIER = io.github.rjailbreakdevs.AquaSh0res;
				PRODUCT_NAME = "$(TARGET_NAME)";
				PROVISIONING_PROFILE_SPECIFIER = "";
				SWIFT_VERSION = 3.0;
			};
			name = Release;
		};
/* End XCBuildConfiguration section */

/* Begin XCConfigurationList section */
		885522141EA2F8500040389D /* Build configuration list for PBXProject "AquaSh0res" */ = {
			isa = XCConfigurationList;
			buildConfigurations = (
				885522261EA2F8500040389D /* Debug */,
				885522271EA2F8500040389D /* Release */,
			);
			defaultConfigurationIsVisible = 0;
			defaultConfigurationName = Release;
		};
		885522281EA2F8500040389D /* Build configuration list for PBXNativeTarget "AquaSh0res" */ = {
			isa = XCConfigurationList;
			buildConfigurations = (
				885522291EA2F8500040389D /* Debug */,
				8855222A1EA2F8500040389D /* Release */,
			);
			defaultConfigurationIsVisible = 0;
			defaultConfigurationName = Release;
		};
/* End XCConfigurationList section */
	};
	rootObject = 885522111EA2F8500040389D /* Project object */;
}
